
Microsoft Visual Studio Solution File, Format Version 12.00
# Visual Studio 14
VisualStudioVersion = 14.0.25420.1
MinimumVisualStudioVersion = 10.0.40219.1
Project("{FAE04EC0-301F-11D3-BF4B-00C04F79EFBC}") = "UniversityManagement", "UniversityManagement\UniversityManagement.csproj", "{8E52DF26-54D4-4DC8-9A37-6CCAAF24F776}"
EndProject
Project("{FAE04EC0-301F-11D3-BF4B-00C04F79EFBC}") = "UniversityManagementTests", "UniversityManagementTests\UniversityManagementTests.csproj", "{A899DBDA-B7C4-4321-B5BA-3C81CF3A98EE}"
EndProject
Global
	GlobalSection(SolutionConfigurationPlatforms) = preSolution
		Debug|Any CPU = Debug|Any CPU
		Release|Any CPU = Release|Any CPU
	EndGlobalSection
	GlobalSection(ProjectConfigurationPlatforms) = postSolution
		{8E52DF26-54D4-4DC8-9A37-6CCAAF24F776}.Debug|Any CPU.ActiveCfg = Debug|Any CPU
		{8E52DF26-54D4-4DC8-9A37-6CCAAF24F776}.Debug|Any CPU.Build.0 = Debug|Any CPU
		{8E52DF26-54D4-4DC8-9A37-6CCAAF24F776}.Release|Any CPU.ActiveCfg = Release|Any CPU
		{8E52DF26-54D4-4DC8-9A37-6CCAAF24F776}.Release|Any CPU.Build.0 = Release|Any CPU
		{A899DBDA-B7C4-4321-B5BA-3C81CF3A98EE}.Debug|Any CPU.ActiveCfg = Debug|Any CPU
		{A899DBDA-B7C4-4321-B5BA-3C81CF3A98EE}.Debug|Any CPU.Build.0 = Debug|Any CPU
		{A899DBDA-B7C4-4321-B5BA-3C81CF3A98EE}.Release|Any CPU.ActiveCfg = Release|Any CPU
		{A899DBDA-B7C4-4321-B5BA-3C81CF3A98EE}.Release|Any CPU.Build.0 = Release|Any CPU
	EndGlobalSection
	GlobalSection(SolutionProperties) = preSolution
		HideSolutionNode = FALSE
	EndGlobalSection
EndGlobal
